
Microsoft Visual Studio Solution File, Format Version 12.00
# Visual Studio Version 17
VisualStudioVersion = 17.7.34018.315
MinimumVisualStudioVersion = 10.0.40219.1
Project("{FAE04EC0-301F-11D3-BF4B-00C04F79EFBC}") = "Amicable number counter", "Amicable number counter\Amicable number counter.csproj", "{922D6A72-A3A1-448B-BF0B-8A67180B5AA5}"
EndProject
Global
	GlobalSection(SolutionConfigurationPlatforms) = preSolution
		Debug|Any CPU = Debug|Any CPU
		Release|Any CPU = Release|Any CPU
	EndGlobalSection
	GlobalSection(ProjectConfigurationPlatforms) = postSolution
		{922D6A72-A3A1-448B-BF0B-8A67180B5AA5}.Debug|Any CPU.ActiveCfg = Debug|Any CPU
		{922D6A72-A3A1-448B-BF0B-8A67180B5AA5}.Debug|Any CPU.Build.0 = Debug|Any CPU
		{922D6A72-A3A1-448B-BF0B-8A67180B5AA5}.Release|Any CPU.ActiveCfg = Release|Any CPU
		{922D6A72-A3A1-448B-BF0B-8A67180B5AA5}.Release|Any CPU.Build.0 = Release|Any CPU
	EndGlobalSection
	GlobalSection(SolutionProperties) = preSolution
		HideSolutionNode = FALSE
	EndGlobalSection
	GlobalSection(ExtensibilityGlobals) = postSolution
		SolutionGuid = {3E1E0114-6CE4-4EC1-856D-50022B33D838}
	EndGlobalSection
EndGlobal
